{
    "_meta": {
        "hash": {
            "sha256": "c3d48b6755326af704df22c6662dfeb7abe3699495ea5cb9cdfb3a69bf512ae4"
        },
        "pipfile-spec": 6,
        "requires": {
            "python_version": "3.6"
        },
        "sources": [
            {
                "name": "pypi",
                "url": "https://pypi.org/simple",
                "verify_ssl": true
            }
        ]
    },
    "default": {
        "click": {
            "hashes": [
                "sha256:29f99fc6125fbc931b758dc053b3114e55c77a6e4c6c3a2674a2dc986016381d",
                "sha256:f15516df478d5a56180fbf80e68f206010e6d160fc39fa508b65e035fd75130b"
            ],
            "index": "pypi",
            "version": "==6.7"
        },
        "ruamel.yaml": {
            "hashes": [
                "sha256:2a6a5787568a98df4910ec63f6a7a101f897ba7eb591d0e51ea41ebad91c6772",
                "sha256:3bafb25b6025c70aae68e7462f56a4f126bff86bbc22a68e2cc7f684e2ade7e8",
                "sha256:410f9a5eb1e07f0b356e212df8a7f9ba31d082fee9a570c60f8428fb1734ed39",
                "sha256:41ec8d8a356ac720b3653eb914a349dd19b98e74a3326dea0eec57a2c58cf902",
                "sha256:587e903cff2abc1d955b3dfce401d434e784b89b58c388f0529a449e3803a5a8",
                "sha256:5d8d2137496d7b279bc6de633f7b8bf6bfa4d4128c45301c765091c8c2862815",
                "sha256:821686e66b1f28a20635aa12aefe82a0593076b5781d34f7dc37b65de0fa888b",
                "sha256:8668f63a0fb83aacc4d12f82400379e2dae111e1c368cb154dbcb8453958c1e6",
                "sha256:87522312776ed4f0c0d17b20956f26b3ce88718aa3f380e7d8517d4303aa3375",
                "sha256:989aaecab077f0a5617d12d52f95ddfccc75507d5dae8fb66f4e400ea0cac0e1",
                "sha256:9ce57bf6f0d32e32623a97866f089ed12d8b725d94957360826b3ce15669589b",
                "sha256:a193e5e8b55c13013ad3afdc932f0c8b26b4c6c03bb9ac1546ba24b540e37fd1",
                "sha256:ac511da7380b313a6ee2e498e098f303d715a1aa54c66ccf8bfa229561533a23",
                "sha256:afb27f7f081278cb30bbbd2b7f483dca4594fa5f3fecf96164c9708d8fd344a8",
                "sha256:c2fcdb96fef46023dce740ad566afd256b06d598233bbcaee071c76b0abb4b1a",
                "sha256:ca508fe8725ac0ec59f15abc2c5d135c78bd689cbec71e04807f0ec7795fb502",
                "sha256:ccfd94560be57bf066af0597aa60ebf33342c8fdd2ea8354d56915ce2a68497d",
                "sha256:ce6564b47e7102ee2732a6d94c80eae7b3311608d8773a16ee2066ec90eb0c9d",
                "sha256:d159b1601511c4e23b118968203b90619d4e4704b9af0d4c888051eba0054cce",
                "sha256:ec2bae297dd060b7e1c64094c79119cb0e33f6c0a9a6e889dfba5362cc15141b",
                "sha256:f2286bcbb3ea2a77b379279790c6e35bdc982ca7f2041f9cee420c5673b722d6",
                "sha256:f59feb48079551eae7b791cb4d6383f079ebf87738acf540b1b27039b35972ff"
            ],
            "index": "pypi",
            "version": "==0.15.60"
        }
    },
    "develop": {}
}
